
Microsoft Visual Studio Solution File, Format Version 12.00
# Visual Studio Version 17
VisualStudioVersion = 17.11.35327.3
MinimumVisualStudioVersion = 10.0.40219.1
Project("{FAE04EC0-301F-11D3-BF4B-00C04F79EFBC}") = "CHNToENGCmmtTranslate", "CHNToENGCmmtTranslate\CHNToENGCmmtTranslate.csproj", "{58FF8BD2-4B8F-4BBD-B6F4-D8423C555734}"
EndProject
Global
	GlobalSection(SolutionConfigurationPlatforms) = preSolution
		Debug|Any CPU = Debug|Any CPU
		Release|Any CPU = Release|Any CPU
	EndGlobalSection
	GlobalSection(ProjectConfigurationPlatforms) = postSolution
		{58FF8BD2-4B8F-4BBD-B6F4-D8423C555734}.Debug|Any CPU.ActiveCfg = Debug|Any CPU
		{58FF8BD2-4B8F-4BBD-B6F4-D8423C555734}.Debug|Any CPU.Build.0 = Debug|Any CPU
		{58FF8BD2-4B8F-4BBD-B6F4-D8423C555734}.Release|Any CPU.ActiveCfg = Release|Any CPU
		{58FF8BD2-4B8F-4BBD-B6F4-D8423C555734}.Release|Any CPU.Build.0 = Release|Any CPU
	EndGlobalSection
	GlobalSection(SolutionProperties) = preSolution
		HideSolutionNode = FALSE
	EndGlobalSection
	GlobalSection(ExtensibilityGlobals) = postSolution
		SolutionGuid = {1D2A8AB7-4F6D-4D1B-B8D4-B6C576549B35}
	EndGlobalSection
EndGlobal
